
Microsoft Visual Studio Solution File, Format Version 12.00
# Visual Studio Version 16
VisualStudioVersion = 16.0.31005.135
MinimumVisualStudioVersion = 10.0.40219.1
Project("{FAE04EC0-301F-11D3-BF4B-00C04F79EFBC}") = "SalesWebMvc", "SalesWebMvc\SalesWebMvc.csproj", "{52BBFDEB-6E8E-4677-8193-3B070859AC5E}"
EndProject
Global
	GlobalSection(SolutionConfigurationPlatforms) = preSolution
		Debug|Any CPU = Debug|Any CPU
		Release|Any CPU = Release|Any CPU
	EndGlobalSection
	GlobalSection(ProjectConfigurationPlatforms) = postSolution
		{52BBFDEB-6E8E-4677-8193-3B070859AC5E}.Debug|Any CPU.ActiveCfg = Debug|Any CPU
		{52BBFDEB-6E8E-4677-8193-3B070859AC5E}.Debug|Any CPU.Build.0 = Debug|Any CPU
		{52BBFDEB-6E8E-4677-8193-3B070859AC5E}.Release|Any CPU.ActiveCfg = Release|Any CPU
		{52BBFDEB-6E8E-4677-8193-3B070859AC5E}.Release|Any CPU.Build.0 = Release|Any CPU
	EndGlobalSection
	GlobalSection(SolutionProperties) = preSolution
		HideSolutionNode = FALSE
	EndGlobalSection
	GlobalSection(ExtensibilityGlobals) = postSolution
		SolutionGuid = {98384551-E5BD-4184-B02A-D9D0CBC31C20}
	EndGlobalSection
EndGlobal
